
Microsoft Visual Studio Solution File, Format Version 12.00
# Visual Studio Version 17
VisualStudioVersion = 17.4.33213.308
MinimumVisualStudioVersion = 10.0.40219.1
Project("{9A19103F-16F7-4668-BE54-9A1E7A4F7556}") = "DOUBLEV.Tickets.API", "DOUBLEV.Tickets.API\DOUBLEV.Tickets.API.csproj", "{798BE1BE-8C8F-4FFE-B63D-3F996061F167}"
EndProject
Project("{2150E333-8FDC-42A3-9474-1A3956D46DE8}") = "Layer Api", "Layer Api", "{D4888F62-2BB1-4BA2-AAD4-001BFDA22E1D}"
EndProject
Project("{2150E333-8FDC-42A3-9474-1A3956D46DE8}") = "Layer Data", "Layer Data", "{E2DD8BB9-4F2B-47F5-9E7B-F6294A051AC1}"
EndProject
Project("{2150E333-8FDC-42A3-9474-1A3956D46DE8}") = "Layer Business", "Layer Business", "{7D6A0837-99F5-4FB1-8353-51E6801F423E}"
EndProject
Project("{2150E333-8FDC-42A3-9474-1A3956D46DE8}") = "Common", "Common", "{B238B80F-4DB0-4FE4-AD7B-74BCD7EB099B}"
EndProject
Project("{2150E333-8FDC-42A3-9474-1A3956D46DE8}") = "Tests", "Tests", "{11D71FBF-1F24-48FD-B767-2F1A6D407F42}"
EndProject
Project("{FAE04EC0-301F-11D3-BF4B-00C04F79EFBC}") = "DataAccess", "DataAccess\DataAccess.csproj", "{6F2975F9-4FBD-4D43-8E06-241F2B0CB1B5}"
EndProject
Project("{FAE04EC0-301F-11D3-BF4B-00C04F79EFBC}") = "Utilities", "Utilities\Utilities.csproj", "{8FCCB25D-EE40-495D-8C41-07C68205F928}"
EndProject
Project("{FAE04EC0-301F-11D3-BF4B-00C04F79EFBC}") = "Entities", "Entities\Entities.csproj", "{628AAE51-17EC-4711-9442-6D4BF02D39AF}"
EndProject
Project("{FAE04EC0-301F-11D3-BF4B-00C04F79EFBC}") = "BusinessRules", "BusinessRules\BusinessRules.csproj", "{4F0591FC-DCD7-4A90-8C44-50795D6CC437}"
EndProject
Global
	GlobalSection(SolutionConfigurationPlatforms) = preSolution
		Debug|Any CPU = Debug|Any CPU
		Release|Any CPU = Release|Any CPU
	EndGlobalSection
	GlobalSection(ProjectConfigurationPlatforms) = postSolution
		{798BE1BE-8C8F-4FFE-B63D-3F996061F167}.Debug|Any CPU.ActiveCfg = Debug|Any CPU
		{798BE1BE-8C8F-4FFE-B63D-3F996061F167}.Debug|Any CPU.Build.0 = Debug|Any CPU
		{798BE1BE-8C8F-4FFE-B63D-3F996061F167}.Release|Any CPU.ActiveCfg = Release|Any CPU
		{798BE1BE-8C8F-4FFE-B63D-3F996061F167}.Release|Any CPU.Build.0 = Release|Any CPU
		{6F2975F9-4FBD-4D43-8E06-241F2B0CB1B5}.Debug|Any CPU.ActiveCfg = Debug|Any CPU
		{6F2975F9-4FBD-4D43-8E06-241F2B0CB1B5}.Debug|Any CPU.Build.0 = Debug|Any CPU
		{6F2975F9-4FBD-4D43-8E06-241F2B0CB1B5}.Release|Any CPU.ActiveCfg = Release|Any CPU
		{6F2975F9-4FBD-4D43-8E06-241F2B0CB1B5}.Release|Any CPU.Build.0 = Release|Any CPU
		{8FCCB25D-EE40-495D-8C41-07C68205F928}.Debug|Any CPU.ActiveCfg = Debug|Any CPU
		{8FCCB25D-EE40-495D-8C41-07C68205F928}.Debug|Any CPU.Build.0 = Debug|Any CPU
		{8FCCB25D-EE40-495D-8C41-07C68205F928}.Release|Any CPU.ActiveCfg = Release|Any CPU
		{8FCCB25D-EE40-495D-8C41-07C68205F928}.Release|Any CPU.Build.0 = Release|Any CPU
		{628AAE51-17EC-4711-9442-6D4BF02D39AF}.Debug|Any CPU.ActiveCfg = Debug|Any CPU
		{628AAE51-17EC-4711-9442-6D4BF02D39AF}.Debug|Any CPU.Build.0 = Debug|Any CPU
		{628AAE51-17EC-4711-9442-6D4BF02D39AF}.Release|Any CPU.ActiveCfg = Release|Any CPU
		{628AAE51-17EC-4711-9442-6D4BF02D39AF}.Release|Any CPU.Build.0 = Release|Any CPU
		{4F0591FC-DCD7-4A90-8C44-50795D6CC437}.Debug|Any CPU.ActiveCfg = Debug|Any CPU
		{4F0591FC-DCD7-4A90-8C44-50795D6CC437}.Debug|Any CPU.Build.0 = Debug|Any CPU
		{4F0591FC-DCD7-4A90-8C44-50795D6CC437}.Release|Any CPU.ActiveCfg = Release|Any CPU
		{4F0591FC-DCD7-4A90-8C44-50795D6CC437}.Release|Any CPU.Build.0 = Release|Any CPU
	EndGlobalSection
	GlobalSection(SolutionProperties) = preSolution
		HideSolutionNode = FALSE
	EndGlobalSection
	GlobalSection(NestedProjects) = preSolution
		{798BE1BE-8C8F-4FFE-B63D-3F996061F167} = {D4888F62-2BB1-4BA2-AAD4-001BFDA22E1D}
		{6F2975F9-4FBD-4D43-8E06-241F2B0CB1B5} = {E2DD8BB9-4F2B-47F5-9E7B-F6294A051AC1}
		{8FCCB25D-EE40-495D-8C41-07C68205F928} = {B238B80F-4DB0-4FE4-AD7B-74BCD7EB099B}
		{628AAE51-17EC-4711-9442-6D4BF02D39AF} = {B238B80F-4DB0-4FE4-AD7B-74BCD7EB099B}
		{4F0591FC-DCD7-4A90-8C44-50795D6CC437} = {7D6A0837-99F5-4FB1-8353-51E6801F423E}
	EndGlobalSection
	GlobalSection(ExtensibilityGlobals) = postSolution
		SolutionGuid = {828C2719-BE8A-4935-9A66-5DDB3AB64B2B}
	EndGlobalSection
EndGlobal
